
Microsoft Visual Studio Solution File, Format Version 12.00
# Visual Studio Version 17
VisualStudioVersion = 17.10.35201.131
MinimumVisualStudioVersion = 10.0.40219.1
Project("{FAE04EC0-301F-11D3-BF4B-00C04F79EFBC}") = "App", "App\App.csproj", "{A5E88E1D-9361-42D5-9DF2-E7C80A103D3A}"
EndProject
Global
	GlobalSection(SolutionConfigurationPlatforms) = preSolution
		Debug|Any CPU = Debug|Any CPU
		Release|Any CPU = Release|Any CPU
	EndGlobalSection
	GlobalSection(ProjectConfigurationPlatforms) = postSolution
		{A5E88E1D-9361-42D5-9DF2-E7C80A103D3A}.Debug|Any CPU.ActiveCfg = Debug|Any CPU
		{A5E88E1D-9361-42D5-9DF2-E7C80A103D3A}.Debug|Any CPU.Build.0 = Debug|Any CPU
		{A5E88E1D-9361-42D5-9DF2-E7C80A103D3A}.Release|Any CPU.ActiveCfg = Release|Any CPU
		{A5E88E1D-9361-42D5-9DF2-E7C80A103D3A}.Release|Any CPU.Build.0 = Release|Any CPU
	EndGlobalSection
	GlobalSection(SolutionProperties) = preSolution
		HideSolutionNode = FALSE
	EndGlobalSection
	GlobalSection(ExtensibilityGlobals) = postSolution
		SolutionGuid = {5A4C3194-A4A0-4E54-9B23-DB7AED8979F2}
	EndGlobalSection
EndGlobal
